
Microsoft Visual Studio Solution File, Format Version 12.00
# Visual Studio 15
Project("{FAE04EC0-301F-11D3-BF4B-00C04F79EFBC}") = "UnityEngine.TestRunner", "UnityEngine.TestRunner.csproj", "{30A9E4BD-D526-595D-2CD8-3D380EDD0FD6}"
EndProject
Project("{FAE04EC0-301F-11D3-BF4B-00C04F79EFBC}") = "Unity.Barracuda", "Unity.Barracuda.csproj", "{9326B8F2-F6E1-E2E5-53C3-AD087AD1699F}"
EndProject
Project("{FAE04EC0-301F-11D3-BF4B-00C04F79EFBC}") = "UnityEngine.UI", "UnityEngine.UI.csproj", "{7333CB60-5660-78AE-3CFF-C49547740D4A}"
EndProject
Project("{FAE04EC0-301F-11D3-BF4B-00C04F79EFBC}") = "Unity.TextMeshPro", "Unity.TextMeshPro.csproj", "{09599D90-AF56-3BF0-64CF-2D7C054C86BB}"
EndProject
Project("{FAE04EC0-301F-11D3-BF4B-00C04F79EFBC}") = "Unity.Timeline", "Unity.Timeline.csproj", "{29A71324-ABD9-3BC3-FC7E-2A4A72A9291A}"
EndProject
Project("{FAE04EC0-301F-11D3-BF4B-00C04F79EFBC}") = "Unity.Mathematics", "Unity.Mathematics.csproj", "{51011168-05D3-5351-D796-7E1C6AC65E68}"
EndProject
Project("{FAE04EC0-301F-11D3-BF4B-00C04F79EFBC}") = "Assembly-CSharp", "Assembly-CSharp.csproj", "{46BEA083-F2B5-B44C-0A44-B1C6A6658F4C}"
EndProject
Project("{FAE04EC0-301F-11D3-BF4B-00C04F79EFBC}") = "Unity.Burst", "Unity.Burst.csproj", "{7F81FF65-C445-DA30-4254-578C40198F43}"
EndProject
Project("{FAE04EC0-301F-11D3-BF4B-00C04F79EFBC}") = "Unity.ML-Agents", "Unity.ML-Agents.csproj", "{8270BF37-6775-CE0C-AC11-00AE8361AA1E}"
EndProject
Project("{FAE04EC0-301F-11D3-BF4B-00C04F79EFBC}") = "Unity.ML-Agents.CommunicatorObjects", "Unity.ML-Agents.CommunicatorObjects.csproj", "{244C8997-065C-2A57-0C74-FA8AC7EC207B}"
EndProject
Project("{FAE04EC0-301F-11D3-BF4B-00C04F79EFBC}") = "Unity.Barracuda.ONNX", "Unity.Barracuda.ONNX.csproj", "{7409950B-D3B1-5B90-2EDA-2AB1517A0A00}"
EndProject
Project("{FAE04EC0-301F-11D3-BF4B-00C04F79EFBC}") = "Unity.Barracuda.MacBLAS", "Unity.Barracuda.MacBLAS.csproj", "{62E7BEE6-74DA-57A6-4568-03C1DF972D7B}"
EndProject
Project("{FAE04EC0-301F-11D3-BF4B-00C04F79EFBC}") = "Unity.Barracuda.BurstBLAS", "Unity.Barracuda.BurstBLAS.csproj", "{6021F0D5-2180-C67D-10B9-280C321C86F6}"
EndProject
Project("{FAE04EC0-301F-11D3-BF4B-00C04F79EFBC}") = "Unity.Barracuda.iOSBLAS", "Unity.Barracuda.iOSBLAS.csproj", "{199BC753-CEB7-09F0-561C-4CFD1A76AC0C}"
EndProject
Project("{FAE04EC0-301F-11D3-BF4B-00C04F79EFBC}") = "UnityEditor.TestRunner", "UnityEditor.TestRunner.csproj", "{A172A24F-058F-A4F9-789A-65B720DEF03A}"
EndProject
Project("{FAE04EC0-301F-11D3-BF4B-00C04F79EFBC}") = "Unity.TextMeshPro.Editor", "Unity.TextMeshPro.Editor.csproj", "{0A5B8D1F-ACAF-44F0-886F-3529D674215B}"
EndProject
Project("{FAE04EC0-301F-11D3-BF4B-00C04F79EFBC}") = "Unity.Timeline.Editor", "Unity.Timeline.Editor.csproj", "{5A4E59BA-5A08-0444-1E6A-3CEF4ACCAF33}"
EndProject
Project("{FAE04EC0-301F-11D3-BF4B-00C04F79EFBC}") = "Unity.CollabProxy.Editor", "Unity.CollabProxy.Editor.csproj", "{57147401-B532-CF46-EAF3-3BBB23CAEBB8}"
EndProject
Project("{FAE04EC0-301F-11D3-BF4B-00C04F79EFBC}") = "UnityEditor.UI", "UnityEditor.UI.csproj", "{77068B14-143B-53A4-48B0-F0C536ED5208}"
EndProject
Project("{FAE04EC0-301F-11D3-BF4B-00C04F79EFBC}") = "Unity.Rider.Editor", "Unity.Rider.Editor.csproj", "{E88A8463-F0C5-9C97-684F-DCBBD8223E90}"
EndProject
Project("{FAE04EC0-301F-11D3-BF4B-00C04F79EFBC}") = "Unity.VisualStudio.Editor", "Unity.VisualStudio.Editor.csproj", "{C6DE5C5F-6D2D-40F3-805E-AD40D991B6B7}"
EndProject
Project("{FAE04EC0-301F-11D3-BF4B-00C04F79EFBC}") = "Unity.ML-Agents.Editor", "Unity.ML-Agents.Editor.csproj", "{579AC939-9728-6D28-43AF-1AFF3497304E}"
EndProject
Project("{FAE04EC0-301F-11D3-BF4B-00C04F79EFBC}") = "Unity.Barracuda.Editor", "Unity.Barracuda.Editor.csproj", "{C731304A-2A58-5F68-D89D-7436337F3B7C}"
EndProject
Project("{FAE04EC0-301F-11D3-BF4B-00C04F79EFBC}") = "Unity.VSCode.Editor", "Unity.VSCode.Editor.csproj", "{60122769-2F2D-74B4-AB67-2C41DB56A3CB}"
EndProject
Project("{FAE04EC0-301F-11D3-BF4B-00C04F79EFBC}") = "Unity.Burst.Editor", "Unity.Burst.Editor.csproj", "{B8322242-B1FD-EA50-AD38-FD2F9FC84559}"
EndProject
Project("{FAE04EC0-301F-11D3-BF4B-00C04F79EFBC}") = "Assembly-CSharp-Editor", "Assembly-CSharp-Editor.csproj", "{A9C91E8E-D216-D662-5AB2-14CE263C77E0}"
EndProject
Project("{FAE04EC0-301F-11D3-BF4B-00C04F79EFBC}") = "Unity.Mathematics.Editor", "Unity.Mathematics.Editor.csproj", "{70C3BED2-F2E7-7FC4-7F4A-27DDFCBEC387}"
EndProject
Project("{FAE04EC0-301F-11D3-BF4B-00C04F79EFBC}") = "UnityEngine.TestRunner", "UnityEngine.TestRunner.Player.csproj", "{11CF48E1-0642-CB00-0104-3D644EC78CE3}"
EndProject
Project("{FAE04EC0-301F-11D3-BF4B-00C04F79EFBC}") = "Unity.Barracuda", "Unity.Barracuda.Player.csproj", "{32F1F159-3810-B303-5445-07FF1FB75863}"
EndProject
Project("{FAE04EC0-301F-11D3-BF4B-00C04F79EFBC}") = "UnityEngine.UI", "UnityEngine.UI.Player.csproj", "{5236E52A-E91C-F8F6-345B-8DB84B749CE0}"
EndProject
Project("{FAE04EC0-301F-11D3-BF4B-00C04F79EFBC}") = "Unity.TextMeshPro", "Unity.TextMeshPro.Player.csproj", "{057240C7-2A7B-103C-DD89-B10BB4FE9B76}"
EndProject
Project("{FAE04EC0-301F-11D3-BF4B-00C04F79EFBC}") = "Unity.Timeline", "Unity.Timeline.Player.csproj", "{139777A2-FC93-0210-6817-0AE1D972BFEF}"
EndProject
Project("{FAE04EC0-301F-11D3-BF4B-00C04F79EFBC}") = "Unity.Mathematics", "Unity.Mathematics.Player.csproj", "{9B877F05-5138-D86B-4A49-57B0B0F9C5C9}"
EndProject
Project("{FAE04EC0-301F-11D3-BF4B-00C04F79EFBC}") = "Assembly-CSharp", "Assembly-CSharp.Player.csproj", "{F6F3B116-8E44-CD44-5CE1-BC9CD3D92CBC}"
EndProject
Project("{FAE04EC0-301F-11D3-BF4B-00C04F79EFBC}") = "Unity.Burst", "Unity.Burst.Player.csproj", "{8D2B8FFD-1F08-3936-0724-E2F81FD13F26}"
EndProject
Project("{FAE04EC0-301F-11D3-BF4B-00C04F79EFBC}") = "Unity.ML-Agents", "Unity.ML-Agents.Player.csproj", "{129FD02A-3F69-5DE5-7359-B4A749B51C1D}"
EndProject
Project("{FAE04EC0-301F-11D3-BF4B-00C04F79EFBC}") = "Unity.ML-Agents.CommunicatorObjects", "Unity.ML-Agents.CommunicatorObjects.Player.csproj", "{23D05C96-3204-107E-ADA8-3D6AF62EACA8}"
EndProject
Project("{FAE04EC0-301F-11D3-BF4B-00C04F79EFBC}") = "Unity.Barracuda.ONNX", "Unity.Barracuda.ONNX.Player.csproj", "{CBC2AE78-03AD-C173-EB13-149EE15215B0}"
EndProject
Project("{FAE04EC0-301F-11D3-BF4B-00C04F79EFBC}") = "Unity.Barracuda.BurstBLAS", "Unity.Barracuda.BurstBLAS.Player.csproj", "{DC51EB69-7EAC-3C53-3C20-8B741B596E38}"
EndProject
Global
	GlobalSection(SolutionConfigurationPlatforms) = preSolution
		Debug|Any CPU = Debug|Any CPU
		Release|Any CPU = Release|Any CPU
	EndGlobalSection
	GlobalSection(ProjectConfigurationPlatforms) = postSolution
		{30A9E4BD-D526-595D-2CD8-3D380EDD0FD6}.Debug|Any CPU.ActiveCfg = Debug|Any CPU
		{30A9E4BD-D526-595D-2CD8-3D380EDD0FD6}.Debug|Any CPU.Build.0 = Debug|Any CPU
		{30A9E4BD-D526-595D-2CD8-3D380EDD0FD6}.Release|Any CPU.ActiveCfg = Release|Any CPU
		{30A9E4BD-D526-595D-2CD8-3D380EDD0FD6}.Release|Any CPU.Build.0 = Release|Any CPU
		{9326B8F2-F6E1-E2E5-53C3-AD087AD1699F}.Debug|Any CPU.ActiveCfg = Debug|Any CPU
		{9326B8F2-F6E1-E2E5-53C3-AD087AD1699F}.Debug|Any CPU.Build.0 = Debug|Any CPU
		{9326B8F2-F6E1-E2E5-53C3-AD087AD1699F}.Release|Any CPU.ActiveCfg = Release|Any CPU
		{9326B8F2-F6E1-E2E5-53C3-AD087AD1699F}.Release|Any CPU.Build.0 = Release|Any CPU
		{7333CB60-5660-78AE-3CFF-C49547740D4A}.Debug|Any CPU.ActiveCfg = Debug|Any CPU
		{7333CB60-5660-78AE-3CFF-C49547740D4A}.Debug|Any CPU.Build.0 = Debug|Any CPU
		{7333CB60-5660-78AE-3CFF-C49547740D4A}.Release|Any CPU.ActiveCfg = Release|Any CPU
		{7333CB60-5660-78AE-3CFF-C49547740D4A}.Release|Any CPU.Build.0 = Release|Any CPU
		{09599D90-AF56-3BF0-64CF-2D7C054C86BB}.Debug|Any CPU.ActiveCfg = Debug|Any CPU
		{09599D90-AF56-3BF0-64CF-2D7C054C86BB}.Debug|Any CPU.Build.0 = Debug|Any CPU
		{09599D90-AF56-3BF0-64CF-2D7C054C86BB}.Release|Any CPU.ActiveCfg = Release|Any CPU
		{09599D90-AF56-3BF0-64CF-2D7C054C86BB}.Release|Any CPU.Build.0 = Release|Any CPU
		{29A71324-ABD9-3BC3-FC7E-2A4A72A9291A}.Debug|Any CPU.ActiveCfg = Debug|Any CPU
		{29A71324-ABD9-3BC3-FC7E-2A4A72A9291A}.Debug|Any CPU.Build.0 = Debug|Any CPU
		{29A71324-ABD9-3BC3-FC7E-2A4A72A9291A}.Release|Any CPU.ActiveCfg = Release|Any CPU
		{29A71324-ABD9-3BC3-FC7E-2A4A72A9291A}.Release|Any CPU.Build.0 = Release|Any CPU
		{51011168-05D3-5351-D796-7E1C6AC65E68}.Debug|Any CPU.ActiveCfg = Debug|Any CPU
		{51011168-05D3-5351-D796-7E1C6AC65E68}.Debug|Any CPU.Build.0 = Debug|Any CPU
		{51011168-05D3-5351-D796-7E1C6AC65E68}.Release|Any CPU.ActiveCfg = Release|Any CPU
		{51011168-05D3-5351-D796-7E1C6AC65E68}.Release|Any CPU.Build.0 = Release|Any CPU
		{46BEA083-F2B5-B44C-0A44-B1C6A6658F4C}.Debug|Any CPU.ActiveCfg = Debug|Any CPU
		{46BEA083-F2B5-B44C-0A44-B1C6A6658F4C}.Debug|Any CPU.Build.0 = Debug|Any CPU
		{46BEA083-F2B5-B44C-0A44-B1C6A6658F4C}.Release|Any CPU.ActiveCfg = Release|Any CPU
		{46BEA083-F2B5-B44C-0A44-B1C6A6658F4C}.Release|Any CPU.Build.0 = Release|Any CPU
		{7F81FF65-C445-DA30-4254-578C40198F43}.Debug|Any CPU.ActiveCfg = Debug|Any CPU
		{7F81FF65-C445-DA30-4254-578C40198F43}.Debug|Any CPU.Build.0 = Debug|Any CPU
		{7F81FF65-C445-DA30-4254-578C40198F43}.Release|Any CPU.ActiveCfg = Release|Any CPU
		{7F81FF65-C445-DA30-4254-578C40198F43}.Release|Any CPU.Build.0 = Release|Any CPU
		{8270BF37-6775-CE0C-AC11-00AE8361AA1E}.Debug|Any CPU.ActiveCfg = Debug|Any CPU
		{8270BF37-6775-CE0C-AC11-00AE8361AA1E}.Debug|Any CPU.Build.0 = Debug|Any CPU
		{8270BF37-6775-CE0C-AC11-00AE8361AA1E}.Release|Any CPU.ActiveCfg = Release|Any CPU
		{8270BF37-6775-CE0C-AC11-00AE8361AA1E}.Release|Any CPU.Build.0 = Release|Any CPU
		{244C8997-065C-2A57-0C74-FA8AC7EC207B}.Debug|Any CPU.ActiveCfg = Debug|Any CPU
		{244C8997-065C-2A57-0C74-FA8AC7EC207B}.Debug|Any CPU.Build.0 = Debug|Any CPU
		{244C8997-065C-2A57-0C74-FA8AC7EC207B}.Release|Any CPU.ActiveCfg = Release|Any CPU
		{244C8997-065C-2A57-0C74-FA8AC7EC207B}.Release|Any CPU.Build.0 = Release|Any CPU
		{7409950B-D3B1-5B90-2EDA-2AB1517A0A00}.Debug|Any CPU.ActiveCfg = Debug|Any CPU
		{7409950B-D3B1-5B90-2EDA-2AB1517A0A00}.Debug|Any CPU.Build.0 = Debug|Any CPU
		{7409950B-D3B1-5B90-2EDA-2AB1517A0A00}.Release|Any CPU.ActiveCfg = Release|Any CPU
		{7409950B-D3B1-5B90-2EDA-2AB1517A0A00}.Release|Any CPU.Build.0 = Release|Any CPU
		{62E7BEE6-74DA-57A6-4568-03C1DF972D7B}.Debug|Any CPU.ActiveCfg = Debug|Any CPU
		{62E7BEE6-74DA-57A6-4568-03C1DF972D7B}.Debug|Any CPU.Build.0 = Debug|Any CPU
		{62E7BEE6-74DA-57A6-4568-03C1DF972D7B}.Release|Any CPU.ActiveCfg = Release|Any CPU
		{62E7BEE6-74DA-57A6-4568-03C1DF972D7B}.Release|Any CPU.Build.0 = Release|Any CPU
		{6021F0D5-2180-C67D-10B9-280C321C86F6}.Debug|Any CPU.ActiveCfg = Debug|Any CPU
		{6021F0D5-2180-C67D-10B9-280C321C86F6}.Debug|Any CPU.Build.0 = Debug|Any CPU
		{6021F0D5-2180-C67D-10B9-280C321C86F6}.Release|Any CPU.ActiveCfg = Release|Any CPU
		{6021F0D5-2180-C67D-10B9-280C321C86F6}.Release|Any CPU.Build.0 = Release|Any CPU
		{199BC753-CEB7-09F0-561C-4CFD1A76AC0C}.Debug|Any CPU.ActiveCfg = Debug|Any CPU
		{199BC753-CEB7-09F0-561C-4CFD1A76AC0C}.Debug|Any CPU.Build.0 = Debug|Any CPU
		{199BC753-CEB7-09F0-561C-4CFD1A76AC0C}.Release|Any CPU.ActiveCfg = Release|Any CPU
		{199BC753-CEB7-09F0-561C-4CFD1A76AC0C}.Release|Any CPU.Build.0 = Release|Any CPU
		{A172A24F-058F-A4F9-789A-65B720DEF03A}.Debug|Any CPU.ActiveCfg = Debug|Any CPU
		{A172A24F-058F-A4F9-789A-65B720DEF03A}.Debug|Any CPU.Build.0 = Debug|Any CPU
		{A172A24F-058F-A4F9-789A-65B720DEF03A}.Release|Any CPU.ActiveCfg = Release|Any CPU
		{A172A24F-058F-A4F9-789A-65B720DEF03A}.Release|Any CPU.Build.0 = Release|Any CPU
		{0A5B8D1F-ACAF-44F0-886F-3529D674215B}.Debug|Any CPU.ActiveCfg = Debug|Any CPU
		{0A5B8D1F-ACAF-44F0-886F-3529D674215B}.Debug|Any CPU.Build.0 = Debug|Any CPU
		{0A5B8D1F-ACAF-44F0-886F-3529D674215B}.Release|Any CPU.ActiveCfg = Release|Any CPU
		{0A5B8D1F-ACAF-44F0-886F-3529D674215B}.Release|Any CPU.Build.0 = Release|Any CPU
		{5A4E59BA-5A08-0444-1E6A-3CEF4ACCAF33}.Debug|Any CPU.ActiveCfg = Debug|Any CPU
		{5A4E59BA-5A08-0444-1E6A-3CEF4ACCAF33}.Debug|Any CPU.Build.0 = Debug|Any CPU
		{5A4E59BA-5A08-0444-1E6A-3CEF4ACCAF33}.Release|Any CPU.ActiveCfg = Release|Any CPU
		{5A4E59BA-5A08-0444-1E6A-3CEF4ACCAF33}.Release|Any CPU.Build.0 = Release|Any CPU
		{57147401-B532-CF46-EAF3-3BBB23CAEBB8}.Debug|Any CPU.ActiveCfg = Debug|Any CPU
		{57147401-B532-CF46-EAF3-3BBB23CAEBB8}.Debug|Any CPU.Build.0 = Debug|Any CPU
		{57147401-B532-CF46-EAF3-3BBB23CAEBB8}.Release|Any CPU.ActiveCfg = Release|Any CPU
		{57147401-B532-CF46-EAF3-3BBB23CAEBB8}.Release|Any CPU.Build.0 = Release|Any CPU
		{77068B14-143B-53A4-48B0-F0C536ED5208}.Debug|Any CPU.ActiveCfg = Debug|Any CPU
		{77068B14-143B-53A4-48B0-F0C536ED5208}.Debug|Any CPU.Build.0 = Debug|Any CPU
		{77068B14-143B-53A4-48B0-F0C536ED5208}.Release|Any CPU.ActiveCfg = Release|Any CPU
		{77068B14-143B-53A4-48B0-F0C536ED5208}.Release|Any CPU.Build.0 = Release|Any CPU
		{E88A8463-F0C5-9C97-684F-DCBBD8223E90}.Debug|Any CPU.ActiveCfg = Debug|Any CPU
		{E88A8463-F0C5-9C97-684F-DCBBD8223E90}.Debug|Any CPU.Build.0 = Debug|Any CPU
		{E88A8463-F0C5-9C97-684F-DCBBD8223E90}.Release|Any CPU.ActiveCfg = Release|Any CPU
		{E88A8463-F0C5-9C97-684F-DCBBD8223E90}.Release|Any CPU.Build.0 = Release|Any CPU
		{C6DE5C5F-6D2D-40F3-805E-AD40D991B6B7}.Debug|Any CPU.ActiveCfg = Debug|Any CPU
		{C6DE5C5F-6D2D-40F3-805E-AD40D991B6B7}.Debug|Any CPU.Build.0 = Debug|Any CPU
		{C6DE5C5F-6D2D-40F3-805E-AD40D991B6B7}.Release|Any CPU.ActiveCfg = Release|Any CPU
		{C6DE5C5F-6D2D-40F3-805E-AD40D991B6B7}.Release|Any CPU.Build.0 = Release|Any CPU
		{579AC939-9728-6D28-43AF-1AFF3497304E}.Debug|Any CPU.ActiveCfg = Debug|Any CPU
		{579AC939-9728-6D28-43AF-1AFF3497304E}.Debug|Any CPU.Build.0 = Debug|Any CPU
		{579AC939-9728-6D28-43AF-1AFF3497304E}.Release|Any CPU.ActiveCfg = Release|Any CPU
		{579AC939-9728-6D28-43AF-1AFF3497304E}.Release|Any CPU.Build.0 = Release|Any CPU
		{C731304A-2A58-5F68-D89D-7436337F3B7C}.Debug|Any CPU.ActiveCfg = Debug|Any CPU
		{C731304A-2A58-5F68-D89D-7436337F3B7C}.Debug|Any CPU.Build.0 = Debug|Any CPU
		{C731304A-2A58-5F68-D89D-7436337F3B7C}.Release|Any CPU.ActiveCfg = Release|Any CPU
		{C731304A-2A58-5F68-D89D-7436337F3B7C}.Release|Any CPU.Build.0 = Release|Any CPU
		{60122769-2F2D-74B4-AB67-2C41DB56A3CB}.Debug|Any CPU.ActiveCfg = Debug|Any CPU
		{60122769-2F2D-74B4-AB67-2C41DB56A3CB}.Debug|Any CPU.Build.0 = Debug|Any CPU
		{60122769-2F2D-74B4-AB67-2C41DB56A3CB}.Release|Any CPU.ActiveCfg = Release|Any CPU
		{60122769-2F2D-74B4-AB67-2C41DB56A3CB}.Release|Any CPU.Build.0 = Release|Any CPU
		{B8322242-B1FD-EA50-AD38-FD2F9FC84559}.Debug|Any CPU.ActiveCfg = Debug|Any CPU
		{B8322242-B1FD-EA50-AD38-FD2F9FC84559}.Debug|Any CPU.Build.0 = Debug|Any CPU
		{B8322242-B1FD-EA50-AD38-FD2F9FC84559}.Release|Any CPU.ActiveCfg = Release|Any CPU
		{B8322242-B1FD-EA50-AD38-FD2F9FC84559}.Release|Any CPU.Build.0 = Release|Any CPU
		{A9C91E8E-D216-D662-5AB2-14CE263C77E0}.Debug|Any CPU.ActiveCfg = Debug|Any CPU
		{A9C91E8E-D216-D662-5AB2-14CE263C77E0}.Debug|Any CPU.Build.0 = Debug|Any CPU
		{A9C91E8E-D216-D662-5AB2-14CE263C77E0}.Release|Any CPU.ActiveCfg = Release|Any CPU
		{A9C91E8E-D216-D662-5AB2-14CE263C77E0}.Release|Any CPU.Build.0 = Release|Any CPU
		{70C3BED2-F2E7-7FC4-7F4A-27DDFCBEC387}.Debug|Any CPU.ActiveCfg = Debug|Any CPU
		{70C3BED2-F2E7-7FC4-7F4A-27DDFCBEC387}.Debug|Any CPU.Build.0 = Debug|Any CPU
		{70C3BED2-F2E7-7FC4-7F4A-27DDFCBEC387}.Release|Any CPU.ActiveCfg = Release|Any CPU
		{70C3BED2-F2E7-7FC4-7F4A-27DDFCBEC387}.Release|Any CPU.Build.0 = Release|Any CPU
		{11CF48E1-0642-CB00-0104-3D644EC78CE3}.Debug|Any CPU.ActiveCfg = Debug|Any CPU
		{11CF48E1-0642-CB00-0104-3D644EC78CE3}.Debug|Any CPU.Build.0 = Debug|Any CPU
		{11CF48E1-0642-CB00-0104-3D644EC78CE3}.Release|Any CPU.ActiveCfg = Release|Any CPU
		{11CF48E1-0642-CB00-0104-3D644EC78CE3}.Release|Any CPU.Build.0 = Release|Any CPU
		{32F1F159-3810-B303-5445-07FF1FB75863}.Debug|Any CPU.ActiveCfg = Debug|Any CPU
		{32F1F159-3810-B303-5445-07FF1FB75863}.Debug|Any CPU.Build.0 = Debug|Any CPU
		{32F1F159-3810-B303-5445-07FF1FB75863}.Release|Any CPU.ActiveCfg = Release|Any CPU
		{32F1F159-3810-B303-5445-07FF1FB75863}.Release|Any CPU.Build.0 = Release|Any CPU
		{5236E52A-E91C-F8F6-345B-8DB84B749CE0}.Debug|Any CPU.ActiveCfg = Debug|Any CPU
		{5236E52A-E91C-F8F6-345B-8DB84B749CE0}.Debug|Any CPU.Build.0 = Debug|Any CPU
		{5236E52A-E91C-F8F6-345B-8DB84B749CE0}.Release|Any CPU.ActiveCfg = Release|Any CPU
		{5236E52A-E91C-F8F6-345B-8DB84B749CE0}.Release|Any CPU.Build.0 = Release|Any CPU
		{057240C7-2A7B-103C-DD89-B10BB4FE9B76}.Debug|Any CPU.ActiveCfg = Debug|Any CPU
		{057240C7-2A7B-103C-DD89-B10BB4FE9B76}.Debug|Any CPU.Build.0 = Debug|Any CPU
		{057240C7-2A7B-103C-DD89-B10BB4FE9B76}.Release|Any CPU.ActiveCfg = Release|Any CPU
		{057240C7-2A7B-103C-DD89-B10BB4FE9B76}.Release|Any CPU.Build.0 = Release|Any CPU
		{139777A2-FC93-0210-6817-0AE1D972BFEF}.Debug|Any CPU.ActiveCfg = Debug|Any CPU
		{139777A2-FC93-0210-6817-0AE1D972BFEF}.Debug|Any CPU.Build.0 = Debug|Any CPU
		{139777A2-FC93-0210-6817-0AE1D972BFEF}.Release|Any CPU.ActiveCfg = Release|Any CPU
		{139777A2-FC93-0210-6817-0AE1D972BFEF}.Release|Any CPU.Build.0 = Release|Any CPU
		{9B877F05-5138-D86B-4A49-57B0B0F9C5C9}.Debug|Any CPU.ActiveCfg = Debug|Any CPU
		{9B877F05-5138-D86B-4A49-57B0B0F9C5C9}.Debug|Any CPU.Build.0 = Debug|Any CPU
		{9B877F05-5138-D86B-4A49-57B0B0F9C5C9}.Release|Any CPU.ActiveCfg = Release|Any CPU
		{9B877F05-5138-D86B-4A49-57B0B0F9C5C9}.Release|Any CPU.Build.0 = Release|Any CPU
		{F6F3B116-8E44-CD44-5CE1-BC9CD3D92CBC}.Debug|Any CPU.ActiveCfg = Debug|Any CPU
		{F6F3B116-8E44-CD44-5CE1-BC9CD3D92CBC}.Debug|Any CPU.Build.0 = Debug|Any CPU
		{F6F3B116-8E44-CD44-5CE1-BC9CD3D92CBC}.Release|Any CPU.ActiveCfg = Release|Any CPU
		{F6F3B116-8E44-CD44-5CE1-BC9CD3D92CBC}.Release|Any CPU.Build.0 = Release|Any CPU
		{8D2B8FFD-1F08-3936-0724-E2F81FD13F26}.Debug|Any CPU.ActiveCfg = Debug|Any CPU
		{8D2B8FFD-1F08-3936-0724-E2F81FD13F26}.Debug|Any CPU.Build.0 = Debug|Any CPU
		{8D2B8FFD-1F08-3936-0724-E2F81FD13F26}.Release|Any CPU.ActiveCfg = Release|Any CPU
		{8D2B8FFD-1F08-3936-0724-E2F81FD13F26}.Release|Any CPU.Build.0 = Release|Any CPU
		{129FD02A-3F69-5DE5-7359-B4A749B51C1D}.Debug|Any CPU.ActiveCfg = Debug|Any CPU
		{129FD02A-3F69-5DE5-7359-B4A749B51C1D}.Debug|Any CPU.Build.0 = Debug|Any CPU
		{129FD02A-3F69-5DE5-7359-B4A749B51C1D}.Release|Any CPU.ActiveCfg = Release|Any CPU
		{129FD02A-3F69-5DE5-7359-B4A749B51C1D}.Release|Any CPU.Build.0 = Release|Any CPU
		{23D05C96-3204-107E-ADA8-3D6AF62EACA8}.Debug|Any CPU.ActiveCfg = Debug|Any CPU
		{23D05C96-3204-107E-ADA8-3D6AF62EACA8}.Debug|Any CPU.Build.0 = Debug|Any CPU
		{23D05C96-3204-107E-ADA8-3D6AF62EACA8}.Release|Any CPU.ActiveCfg = Release|Any CPU
		{23D05C96-3204-107E-ADA8-3D6AF62EACA8}.Release|Any CPU.Build.0 = Release|Any CPU
		{CBC2AE78-03AD-C173-EB13-149EE15215B0}.Debug|Any CPU.ActiveCfg = Debug|Any CPU
		{CBC2AE78-03AD-C173-EB13-149EE15215B0}.Debug|Any CPU.Build.0 = Debug|Any CPU
		{CBC2AE78-03AD-C173-EB13-149EE15215B0}.Release|Any CPU.ActiveCfg = Release|Any CPU
		{CBC2AE78-03AD-C173-EB13-149EE15215B0}.Release|Any CPU.Build.0 = Release|Any CPU
		{DC51EB69-7EAC-3C53-3C20-8B741B596E38}.Debug|Any CPU.ActiveCfg = Debug|Any CPU
		{DC51EB69-7EAC-3C53-3C20-8B741B596E38}.Debug|Any CPU.Build.0 = Debug|Any CPU
		{DC51EB69-7EAC-3C53-3C20-8B741B596E38}.Release|Any CPU.ActiveCfg = Release|Any CPU
		{DC51EB69-7EAC-3C53-3C20-8B741B596E38}.Release|Any CPU.Build.0 = Release|Any CPU
	EndGlobalSection
	GlobalSection(SolutionProperties) = preSolution
		HideSolutionNode = FALSE
	EndGlobalSection
EndGlobal
